
Microsoft Visual Studio Solution File, Format Version 12.00
# Visual Studio Version 16
VisualStudioVersion = 16.0.30907.101
MinimumVisualStudioVersion = 10.0.40219.1
Project("{FAE04EC0-301F-11D3-BF4B-00C04F79EFBC}") = "smsis.web.portal.host", "smsis.web.portal.host\smsis.web.portal.host.csproj", "{23DF500B-1DF2-4E07-BCF8-EE48882250B8}"
EndProject
Project("{FAE04EC0-301F-11D3-BF4B-00C04F79EFBC}") = "smsis.web.portal.DAL", "smsis.web.portal.DAL\smsis.web.portal.DAL.csproj", "{72A17722-9F2A-4AFE-9006-3FB6606FF7A3}"
EndProject
Global
	GlobalSection(SolutionConfigurationPlatforms) = preSolution
		Debug|Any CPU = Debug|Any CPU
		Release|Any CPU = Release|Any CPU
	EndGlobalSection
	GlobalSection(ProjectConfigurationPlatforms) = postSolution
		{23DF500B-1DF2-4E07-BCF8-EE48882250B8}.Debug|Any CPU.ActiveCfg = Debug|Any CPU
		{23DF500B-1DF2-4E07-BCF8-EE48882250B8}.Debug|Any CPU.Build.0 = Debug|Any CPU
		{23DF500B-1DF2-4E07-BCF8-EE48882250B8}.Release|Any CPU.ActiveCfg = Release|Any CPU
		{23DF500B-1DF2-4E07-BCF8-EE48882250B8}.Release|Any CPU.Build.0 = Release|Any CPU
		{72A17722-9F2A-4AFE-9006-3FB6606FF7A3}.Debug|Any CPU.ActiveCfg = Debug|Any CPU
		{72A17722-9F2A-4AFE-9006-3FB6606FF7A3}.Debug|Any CPU.Build.0 = Debug|Any CPU
		{72A17722-9F2A-4AFE-9006-3FB6606FF7A3}.Release|Any CPU.ActiveCfg = Release|Any CPU
		{72A17722-9F2A-4AFE-9006-3FB6606FF7A3}.Release|Any CPU.Build.0 = Release|Any CPU
	EndGlobalSection
	GlobalSection(SolutionProperties) = preSolution
		HideSolutionNode = FALSE
	EndGlobalSection
	GlobalSection(ExtensibilityGlobals) = postSolution
		SolutionGuid = {B235E65E-8813-4CB2-8CB9-4F3CB7E777B0}
	EndGlobalSection
EndGlobal
